
Microsoft Visual Studio Solution File, Format Version 12.00
# Visual Studio Version 17
VisualStudioVersion = 17.4.33110.190
MinimumVisualStudioVersion = 10.0.40219.1
Project("{8BC9CEB8-8B4A-11D0-8D11-00A0C91BC942}") = "Pointers", "Pointers\Pointers.vcxproj", "{7975D186-D765-42B5-8E96-8C5C1A8D45C3}"
EndProject
Project("{8BC9CEB8-8B4A-11D0-8D11-00A0C91BC942}") = "TransferParameters", "TransferParameters\TransferParameters.vcxproj", "{C88E2A9B-75A4-4C73-82A9-21CD8E347AFE}"
EndProject
Global
	GlobalSection(SolutionConfigurationPlatforms) = preSolution
		Debug|x64 = Debug|x64
		Debug|x86 = Debug|x86
		Release|x64 = Release|x64
		Release|x86 = Release|x86
	EndGlobalSection
	GlobalSection(ProjectConfigurationPlatforms) = postSolution
		{7975D186-D765-42B5-8E96-8C5C1A8D45C3}.Debug|x64.ActiveCfg = Debug|x64
		{7975D186-D765-42B5-8E96-8C5C1A8D45C3}.Debug|x64.Build.0 = Debug|x64
		{7975D186-D765-42B5-8E96-8C5C1A8D45C3}.Debug|x86.ActiveCfg = Debug|Win32
		{7975D186-D765-42B5-8E96-8C5C1A8D45C3}.Debug|x86.Build.0 = Debug|Win32
		{7975D186-D765-42B5-8E96-8C5C1A8D45C3}.Release|x64.ActiveCfg = Release|x64
		{7975D186-D765-42B5-8E96-8C5C1A8D45C3}.Release|x64.Build.0 = Release|x64
		{7975D186-D765-42B5-8E96-8C5C1A8D45C3}.Release|x86.ActiveCfg = Release|Win32
		{7975D186-D765-42B5-8E96-8C5C1A8D45C3}.Release|x86.Build.0 = Release|Win32
		{C88E2A9B-75A4-4C73-82A9-21CD8E347AFE}.Debug|x64.ActiveCfg = Debug|x64
		{C88E2A9B-75A4-4C73-82A9-21CD8E347AFE}.Debug|x64.Build.0 = Debug|x64
		{C88E2A9B-75A4-4C73-82A9-21CD8E347AFE}.Debug|x86.ActiveCfg = Debug|Win32
		{C88E2A9B-75A4-4C73-82A9-21CD8E347AFE}.Debug|x86.Build.0 = Debug|Win32
		{C88E2A9B-75A4-4C73-82A9-21CD8E347AFE}.Release|x64.ActiveCfg = Release|x64
		{C88E2A9B-75A4-4C73-82A9-21CD8E347AFE}.Release|x64.Build.0 = Release|x64
		{C88E2A9B-75A4-4C73-82A9-21CD8E347AFE}.Release|x86.ActiveCfg = Release|Win32
		{C88E2A9B-75A4-4C73-82A9-21CD8E347AFE}.Release|x86.Build.0 = Release|Win32
	EndGlobalSection
	GlobalSection(SolutionProperties) = preSolution
		HideSolutionNode = FALSE
	EndGlobalSection
	GlobalSection(ExtensibilityGlobals) = postSolution
		SolutionGuid = {7A57EF6B-E915-432A-B5EF-696DCC3E9D72}
	EndGlobalSection
EndGlobal
